
Microsoft Visual Studio Solution File, Format Version 12.00
# Visual Studio Version 16
VisualStudioVersion = 16.0.31205.134
MinimumVisualStudioVersion = 10.0.40219.1
Project("{FAE04EC0-301F-11D3-BF4B-00C04F79EFBC}") = "RazorPagesMovie15", "RazorPagesMovie15\RazorPagesMovie15.csproj", "{F0C3D285-10D1-4F2C-9B85-2178F3F2483F}"
EndProject
Global
	GlobalSection(SolutionConfigurationPlatforms) = preSolution
		Debug|Any CPU = Debug|Any CPU
		Release|Any CPU = Release|Any CPU
	EndGlobalSection
	GlobalSection(ProjectConfigurationPlatforms) = postSolution
		{F0C3D285-10D1-4F2C-9B85-2178F3F2483F}.Debug|Any CPU.ActiveCfg = Debug|Any CPU
		{F0C3D285-10D1-4F2C-9B85-2178F3F2483F}.Debug|Any CPU.Build.0 = Debug|Any CPU
		{F0C3D285-10D1-4F2C-9B85-2178F3F2483F}.Release|Any CPU.ActiveCfg = Release|Any CPU
		{F0C3D285-10D1-4F2C-9B85-2178F3F2483F}.Release|Any CPU.Build.0 = Release|Any CPU
	EndGlobalSection
	GlobalSection(SolutionProperties) = preSolution
		HideSolutionNode = FALSE
	EndGlobalSection
	GlobalSection(ExtensibilityGlobals) = postSolution
		SolutionGuid = {6BA3505F-AD6E-4FC3-803C-41131614E56B}
	EndGlobalSection
EndGlobal
